
Microsoft Visual Studio Solution File, Format Version 12.00
# Visual Studio Version 17
VisualStudioVersion = 17.14.36717.8
MinimumVisualStudioVersion = 10.0.40219.1
Project("{FAE04EC0-301F-11D3-BF4B-00C04F79EFBC}") = "LazyPocoTester", "LazyPocoTester\LazyPocoTester.csproj", "{197B895F-0F4B-4F4F-BA0A-363BF4588E0D}"
EndProject
Project("{FAE04EC0-301F-11D3-BF4B-00C04F79EFBC}") = "LazyPocoTester.UnitTests", "UnitTests\LazyPocoTester.UnitTests.csproj", "{C1BF1E84-18E5-4E4D-981B-2BFFC6CEE040}"
EndProject
Project("{FAE04EC0-301F-11D3-BF4B-00C04F79EFBC}") = "TestPOCOs", "TestPOCOs\TestPOCOs.csproj", "{7AC011FB-8894-4BA1-88B5-0689A52E87E0}"
EndProject
Global
	GlobalSection(SolutionConfigurationPlatforms) = preSolution
		Debug|Any CPU = Debug|Any CPU
		Release|Any CPU = Release|Any CPU
	EndGlobalSection
	GlobalSection(ProjectConfigurationPlatforms) = postSolution
		{197B895F-0F4B-4F4F-BA0A-363BF4588E0D}.Debug|Any CPU.ActiveCfg = Debug|Any CPU
		{197B895F-0F4B-4F4F-BA0A-363BF4588E0D}.Debug|Any CPU.Build.0 = Debug|Any CPU
		{197B895F-0F4B-4F4F-BA0A-363BF4588E0D}.Release|Any CPU.ActiveCfg = Release|Any CPU
		{197B895F-0F4B-4F4F-BA0A-363BF4588E0D}.Release|Any CPU.Build.0 = Release|Any CPU
		{C1BF1E84-18E5-4E4D-981B-2BFFC6CEE040}.Debug|Any CPU.ActiveCfg = Debug|Any CPU
		{C1BF1E84-18E5-4E4D-981B-2BFFC6CEE040}.Debug|Any CPU.Build.0 = Debug|Any CPU
		{C1BF1E84-18E5-4E4D-981B-2BFFC6CEE040}.Release|Any CPU.ActiveCfg = Release|Any CPU
		{C1BF1E84-18E5-4E4D-981B-2BFFC6CEE040}.Release|Any CPU.Build.0 = Release|Any CPU
		{7AC011FB-8894-4BA1-88B5-0689A52E87E0}.Debug|Any CPU.ActiveCfg = Debug|Any CPU
		{7AC011FB-8894-4BA1-88B5-0689A52E87E0}.Debug|Any CPU.Build.0 = Debug|Any CPU
		{7AC011FB-8894-4BA1-88B5-0689A52E87E0}.Release|Any CPU.ActiveCfg = Release|Any CPU
		{7AC011FB-8894-4BA1-88B5-0689A52E87E0}.Release|Any CPU.Build.0 = Release|Any CPU
	EndGlobalSection
	GlobalSection(SolutionProperties) = preSolution
		HideSolutionNode = FALSE
	EndGlobalSection
	GlobalSection(ExtensibilityGlobals) = postSolution
		SolutionGuid = {587D87A0-A09F-4DB0-B5B5-25D33E49A984}
	EndGlobalSection
EndGlobal
